
Microsoft Visual Studio Solution File, Format Version 12.00
# Visual Studio Version 17
VisualStudioVersion = 17.9.34607.119
MinimumVisualStudioVersion = 10.0.40219.1
Project("{FAE04EC0-301F-11D3-BF4B-00C04F79EFBC}") = "ActivityCalender.API", "ActivityCalender.API\ActivityCalender.API.csproj", "{BA803E26-AFA1-4FE6-B9F4-38548916C102}"
EndProject
Project("{FAE04EC0-301F-11D3-BF4B-00C04F79EFBC}") = "ActivityCalender.Entities", "ActivityCalender.Entities\ActivityCalender.Entities.csproj", "{C91C2A1C-5CE5-4FF0-BFA1-C2DEF695BE63}"
EndProject
Project("{FAE04EC0-301F-11D3-BF4B-00C04F79EFBC}") = "ActivityCalender.DataAccess", "ActivityCalender.DataAccess\ActivityCalender.DataAccess.csproj", "{A5A9456D-5544-443A-86B6-04D56AC053CA}"
EndProject
Project("{FAE04EC0-301F-11D3-BF4B-00C04F79EFBC}") = "ActivityCalender.Business", "ActivityCalender.Business\ActivityCalender.Business.csproj", "{1E3EA783-B5B8-423A-BABA-8193B2021FE2}"
EndProject
Global
	GlobalSection(SolutionConfigurationPlatforms) = preSolution
		Debug|Any CPU = Debug|Any CPU
		Release|Any CPU = Release|Any CPU
	EndGlobalSection
	GlobalSection(ProjectConfigurationPlatforms) = postSolution
		{BA803E26-AFA1-4FE6-B9F4-38548916C102}.Debug|Any CPU.ActiveCfg = Debug|Any CPU
		{BA803E26-AFA1-4FE6-B9F4-38548916C102}.Debug|Any CPU.Build.0 = Debug|Any CPU
		{BA803E26-AFA1-4FE6-B9F4-38548916C102}.Release|Any CPU.ActiveCfg = Release|Any CPU
		{BA803E26-AFA1-4FE6-B9F4-38548916C102}.Release|Any CPU.Build.0 = Release|Any CPU
		{C91C2A1C-5CE5-4FF0-BFA1-C2DEF695BE63}.Debug|Any CPU.ActiveCfg = Debug|Any CPU
		{C91C2A1C-5CE5-4FF0-BFA1-C2DEF695BE63}.Debug|Any CPU.Build.0 = Debug|Any CPU
		{C91C2A1C-5CE5-4FF0-BFA1-C2DEF695BE63}.Release|Any CPU.ActiveCfg = Release|Any CPU
		{C91C2A1C-5CE5-4FF0-BFA1-C2DEF695BE63}.Release|Any CPU.Build.0 = Release|Any CPU
		{A5A9456D-5544-443A-86B6-04D56AC053CA}.Debug|Any CPU.ActiveCfg = Debug|Any CPU
		{A5A9456D-5544-443A-86B6-04D56AC053CA}.Debug|Any CPU.Build.0 = Debug|Any CPU
		{A5A9456D-5544-443A-86B6-04D56AC053CA}.Release|Any CPU.ActiveCfg = Release|Any CPU
		{A5A9456D-5544-443A-86B6-04D56AC053CA}.Release|Any CPU.Build.0 = Release|Any CPU
		{1E3EA783-B5B8-423A-BABA-8193B2021FE2}.Debug|Any CPU.ActiveCfg = Debug|Any CPU
		{1E3EA783-B5B8-423A-BABA-8193B2021FE2}.Debug|Any CPU.Build.0 = Debug|Any CPU
		{1E3EA783-B5B8-423A-BABA-8193B2021FE2}.Release|Any CPU.ActiveCfg = Release|Any CPU
		{1E3EA783-B5B8-423A-BABA-8193B2021FE2}.Release|Any CPU.Build.0 = Release|Any CPU
	EndGlobalSection
	GlobalSection(SolutionProperties) = preSolution
		HideSolutionNode = FALSE
	EndGlobalSection
	GlobalSection(ExtensibilityGlobals) = postSolution
		SolutionGuid = {3DE7F7F5-834E-45C7-AFE0-1CB2BFC7BF95}
	EndGlobalSection
EndGlobal
